
Microsoft Visual Studio Solution File, Format Version 12.00
# Visual Studio 2013
VisualStudioVersion = 12.0.30723.0
MinimumVisualStudioVersion = 10.0.40219.1
Project("{FAE04EC0-301F-11D3-BF4B-00C04F79EFBC}") = "TinToy", "TinToy\TinToy.csproj", "{A50E7AA0-8DB0-43D1-9AD2-A2F9A084D4F9}"
	ProjectSection(ProjectDependencies) = postProject
		{5DAC0268-E666-4D26-B27A-7706BC8EED38} = {5DAC0268-E666-4D26-B27A-7706BC8EED38}
		{31FFF3E7-898E-4C5B-B542-3CC432FD4C05} = {31FFF3E7-898E-4C5B-B542-3CC432FD4C05}
	EndProjectSection
EndProject
Project("{FAE04EC0-301F-11D3-BF4B-00C04F79EFBC}") = "TinToyClassBO", "..\TinToyClassBO\TinToyClassBO\TinToyClassBO.csproj", "{31FFF3E7-898E-4C5B-B542-3CC432FD4C05}"
	ProjectSection(ProjectDependencies) = postProject
		{5DAC0268-E666-4D26-B27A-7706BC8EED38} = {5DAC0268-E666-4D26-B27A-7706BC8EED38}
		{A6E1D9A6-1708-455D-87FA-81A1C332B73C} = {A6E1D9A6-1708-455D-87FA-81A1C332B73C}
	EndProjectSection
EndProject
Project("{FAE04EC0-301F-11D3-BF4B-00C04F79EFBC}") = "TinToyClassDO", "..\TinToyClassDO\TinToyClassDO\TinToyClassDO.csproj", "{A6E1D9A6-1708-455D-87FA-81A1C332B73C}"
	ProjectSection(ProjectDependencies) = postProject
		{5DAC0268-E666-4D26-B27A-7706BC8EED38} = {5DAC0268-E666-4D26-B27A-7706BC8EED38}
	EndProjectSection
EndProject
Project("{FAE04EC0-301F-11D3-BF4B-00C04F79EFBC}") = "TinToyClassVO", "..\TinToyClassVO\TinToyClassVO\TinToyClassVO.csproj", "{5DAC0268-E666-4D26-B27A-7706BC8EED38}"
EndProject
Global
	GlobalSection(SolutionConfigurationPlatforms) = preSolution
		Debug|Any CPU = Debug|Any CPU
		Release|Any CPU = Release|Any CPU
	EndGlobalSection
	GlobalSection(ProjectConfigurationPlatforms) = postSolution
		{A50E7AA0-8DB0-43D1-9AD2-A2F9A084D4F9}.Debug|Any CPU.ActiveCfg = Debug|Any CPU
		{A50E7AA0-8DB0-43D1-9AD2-A2F9A084D4F9}.Debug|Any CPU.Build.0 = Debug|Any CPU
		{A50E7AA0-8DB0-43D1-9AD2-A2F9A084D4F9}.Release|Any CPU.ActiveCfg = Release|Any CPU
		{A50E7AA0-8DB0-43D1-9AD2-A2F9A084D4F9}.Release|Any CPU.Build.0 = Release|Any CPU
		{31FFF3E7-898E-4C5B-B542-3CC432FD4C05}.Debug|Any CPU.ActiveCfg = Debug|Any CPU
		{31FFF3E7-898E-4C5B-B542-3CC432FD4C05}.Debug|Any CPU.Build.0 = Debug|Any CPU
		{31FFF3E7-898E-4C5B-B542-3CC432FD4C05}.Release|Any CPU.ActiveCfg = Release|Any CPU
		{31FFF3E7-898E-4C5B-B542-3CC432FD4C05}.Release|Any CPU.Build.0 = Release|Any CPU
		{A6E1D9A6-1708-455D-87FA-81A1C332B73C}.Debug|Any CPU.ActiveCfg = Debug|Any CPU
		{A6E1D9A6-1708-455D-87FA-81A1C332B73C}.Debug|Any CPU.Build.0 = Debug|Any CPU
		{A6E1D9A6-1708-455D-87FA-81A1C332B73C}.Release|Any CPU.ActiveCfg = Release|Any CPU
		{A6E1D9A6-1708-455D-87FA-81A1C332B73C}.Release|Any CPU.Build.0 = Release|Any CPU
		{5DAC0268-E666-4D26-B27A-7706BC8EED38}.Debug|Any CPU.ActiveCfg = Debug|Any CPU
		{5DAC0268-E666-4D26-B27A-7706BC8EED38}.Debug|Any CPU.Build.0 = Debug|Any CPU
		{5DAC0268-E666-4D26-B27A-7706BC8EED38}.Release|Any CPU.ActiveCfg = Release|Any CPU
		{5DAC0268-E666-4D26-B27A-7706BC8EED38}.Release|Any CPU.Build.0 = Release|Any CPU
	EndGlobalSection
	GlobalSection(SolutionProperties) = preSolution
		HideSolutionNode = FALSE
	EndGlobalSection
EndGlobal
